
Microsoft Visual Studio Solution File, Format Version 12.00
# Visual Studio Version 17
VisualStudioVersion = 17.12.35707.178
MinimumVisualStudioVersion = 10.0.40219.1
Project("{2150E333-8FDC-42A3-9474-1A3956D46DE8}") = "WebApp", "WebApp", "{6C5A8E3E-FCC0-4682-BF3F-D465D77D3698}"
EndProject
Project("{FAE04EC0-301F-11D3-BF4B-00C04F79EFBC}") = "ORiN3App.Server", "ORiN3App.Server\ORiN3App.Server.csproj", "{3A2BACDB-4015-4A35-9B58-010784C5032F}"
EndProject
Project("{FAE04EC0-301F-11D3-BF4B-00C04F79EFBC}") = "ORiN3App.Client", "ORiN3App.Client\ORiN3App.Client.csproj", "{EF0E0FFB-F455-4E25-9C75-F0E6A1ADD993}"
EndProject
Project("{FAE04EC0-301F-11D3-BF4B-00C04F79EFBC}") = "ORiN3App.Client.Shared", "ORiN3App.Client.Shared\ORiN3App.Client.Shared.csproj", "{544C8AB0-AF63-4091-9EFA-B88D53B2F14A}"
EndProject
Project("{FAE04EC0-301F-11D3-BF4B-00C04F79EFBC}") = "ORiN3App.Server.Shared", "ORiN3App.Server.Shared\ORiN3App.Server.Shared.csproj", "{E106797B-F3F7-4729-B2EF-662FE0C157F2}"
EndProject
Project("{2150E333-8FDC-42A3-9474-1A3956D46DE8}") = "Tools", "Tools", "{4E457CC3-40AF-467B-96B2-CA115CA6C60E}"
EndProject
Project("{FAE04EC0-301F-11D3-BF4B-00C04F79EFBC}") = "ORiN3App.LicenseRegisterCli", "ORiN3App.LicenseRegisterCli\ORiN3App.LicenseRegisterCli.csproj", "{58D07C32-B622-4FA7-A9EE-8358028B46E8}"
EndProject
Project("{FAE04EC0-301F-11D3-BF4B-00C04F79EFBC}") = "ORiN3App.Designer", "ORiN3App.Designer\ORiN3App.Designer.csproj", "{9EDD1AD3-572D-4EEA-B154-6DAAEE1996EF}"
EndProject
Project("{2150E333-8FDC-42A3-9474-1A3956D46DE8}") = "Example", "Example", "{D7300A3C-6CA3-4C89-ADBF-5A7A609F94EC}"
EndProject
Project("{FAE04EC0-301F-11D3-BF4B-00C04F79EFBC}") = "Codeer.LowCode.Bindings.ORiN3", "..\Codeer.LowCode.Bindings.ORiN3\Codeer.LowCode.Bindings.ORiN3.csproj", "{B742D56F-1054-4928-B305-1B6AFEBBAF10}"
EndProject
Project("{FAE04EC0-301F-11D3-BF4B-00C04F79EFBC}") = "Codeer.LowCode.Bindings.ORiN3.Server", "..\Codeer.LowCode.Bindings.ORiN3.Server\Codeer.LowCode.Bindings.ORiN3.Server.csproj", "{6D940A46-5427-4AE2-8C9D-C7875FA94C9F}"
EndProject
Global
	GlobalSection(SolutionConfigurationPlatforms) = preSolution
		Debug|Any CPU = Debug|Any CPU
		Release|Any CPU = Release|Any CPU
	EndGlobalSection
	GlobalSection(ProjectConfigurationPlatforms) = postSolution
		{3A2BACDB-4015-4A35-9B58-010784C5032F}.Debug|Any CPU.ActiveCfg = Debug|Any CPU
		{3A2BACDB-4015-4A35-9B58-010784C5032F}.Debug|Any CPU.Build.0 = Debug|Any CPU
		{3A2BACDB-4015-4A35-9B58-010784C5032F}.Release|Any CPU.ActiveCfg = Release|Any CPU
		{3A2BACDB-4015-4A35-9B58-010784C5032F}.Release|Any CPU.Build.0 = Release|Any CPU
		{EF0E0FFB-F455-4E25-9C75-F0E6A1ADD993}.Debug|Any CPU.ActiveCfg = Debug|Any CPU
		{EF0E0FFB-F455-4E25-9C75-F0E6A1ADD993}.Debug|Any CPU.Build.0 = Debug|Any CPU
		{EF0E0FFB-F455-4E25-9C75-F0E6A1ADD993}.Release|Any CPU.ActiveCfg = Release|Any CPU
		{EF0E0FFB-F455-4E25-9C75-F0E6A1ADD993}.Release|Any CPU.Build.0 = Release|Any CPU
		{544C8AB0-AF63-4091-9EFA-B88D53B2F14A}.Debug|Any CPU.ActiveCfg = Debug|Any CPU
		{544C8AB0-AF63-4091-9EFA-B88D53B2F14A}.Debug|Any CPU.Build.0 = Debug|Any CPU
		{544C8AB0-AF63-4091-9EFA-B88D53B2F14A}.Release|Any CPU.ActiveCfg = Release|Any CPU
		{544C8AB0-AF63-4091-9EFA-B88D53B2F14A}.Release|Any CPU.Build.0 = Release|Any CPU
		{E106797B-F3F7-4729-B2EF-662FE0C157F2}.Debug|Any CPU.ActiveCfg = Debug|Any CPU
		{E106797B-F3F7-4729-B2EF-662FE0C157F2}.Debug|Any CPU.Build.0 = Debug|Any CPU
		{E106797B-F3F7-4729-B2EF-662FE0C157F2}.Release|Any CPU.ActiveCfg = Release|Any CPU
		{E106797B-F3F7-4729-B2EF-662FE0C157F2}.Release|Any CPU.Build.0 = Release|Any CPU
		{58D07C32-B622-4FA7-A9EE-8358028B46E8}.Debug|Any CPU.ActiveCfg = Debug|Any CPU
		{58D07C32-B622-4FA7-A9EE-8358028B46E8}.Debug|Any CPU.Build.0 = Debug|Any CPU
		{58D07C32-B622-4FA7-A9EE-8358028B46E8}.Release|Any CPU.ActiveCfg = Release|Any CPU
		{58D07C32-B622-4FA7-A9EE-8358028B46E8}.Release|Any CPU.Build.0 = Release|Any CPU
		{9EDD1AD3-572D-4EEA-B154-6DAAEE1996EF}.Debug|Any CPU.ActiveCfg = Debug|Any CPU
		{9EDD1AD3-572D-4EEA-B154-6DAAEE1996EF}.Debug|Any CPU.Build.0 = Debug|Any CPU
		{9EDD1AD3-572D-4EEA-B154-6DAAEE1996EF}.Release|Any CPU.ActiveCfg = Release|Any CPU
		{9EDD1AD3-572D-4EEA-B154-6DAAEE1996EF}.Release|Any CPU.Build.0 = Release|Any CPU
		{B742D56F-1054-4928-B305-1B6AFEBBAF10}.Debug|Any CPU.ActiveCfg = Debug|Any CPU
		{B742D56F-1054-4928-B305-1B6AFEBBAF10}.Debug|Any CPU.Build.0 = Debug|Any CPU
		{B742D56F-1054-4928-B305-1B6AFEBBAF10}.Release|Any CPU.ActiveCfg = Release|Any CPU
		{B742D56F-1054-4928-B305-1B6AFEBBAF10}.Release|Any CPU.Build.0 = Release|Any CPU
		{6D940A46-5427-4AE2-8C9D-C7875FA94C9F}.Debug|Any CPU.ActiveCfg = Debug|Any CPU
		{6D940A46-5427-4AE2-8C9D-C7875FA94C9F}.Debug|Any CPU.Build.0 = Debug|Any CPU
		{6D940A46-5427-4AE2-8C9D-C7875FA94C9F}.Release|Any CPU.ActiveCfg = Release|Any CPU
		{6D940A46-5427-4AE2-8C9D-C7875FA94C9F}.Release|Any CPU.Build.0 = Release|Any CPU
	EndGlobalSection
	GlobalSection(SolutionProperties) = preSolution
		HideSolutionNode = FALSE
	EndGlobalSection
	GlobalSection(NestedProjects) = preSolution
		{6C5A8E3E-FCC0-4682-BF3F-D465D77D3698} = {D7300A3C-6CA3-4C89-ADBF-5A7A609F94EC}
		{3A2BACDB-4015-4A35-9B58-010784C5032F} = {6C5A8E3E-FCC0-4682-BF3F-D465D77D3698}
		{EF0E0FFB-F455-4E25-9C75-F0E6A1ADD993} = {6C5A8E3E-FCC0-4682-BF3F-D465D77D3698}
		{544C8AB0-AF63-4091-9EFA-B88D53B2F14A} = {6C5A8E3E-FCC0-4682-BF3F-D465D77D3698}
		{E106797B-F3F7-4729-B2EF-662FE0C157F2} = {6C5A8E3E-FCC0-4682-BF3F-D465D77D3698}
		{4E457CC3-40AF-467B-96B2-CA115CA6C60E} = {D7300A3C-6CA3-4C89-ADBF-5A7A609F94EC}
		{58D07C32-B622-4FA7-A9EE-8358028B46E8} = {4E457CC3-40AF-467B-96B2-CA115CA6C60E}
		{9EDD1AD3-572D-4EEA-B154-6DAAEE1996EF} = {4E457CC3-40AF-467B-96B2-CA115CA6C60E}
	EndGlobalSection
EndGlobal
